// !$*UTF8*$!
{
	archiveVersion = 1;
	classes = {
	};
	objectVersion = 50;
	objects = {

/* Begin PBXBuildFile section */
		347097DA6B9E7D3842A59A24 /* Pods_VideoGameLibrary.framework in Frameworks */ = {isa = PBXBuildFile; fileRef = 33722E3EB7027E146B7A5BD4 /* Pods_VideoGameLibrary.framework */; };
		BF598774218758860041EF03 /* AppDelegate.swift in Sources */ = {isa = PBXBuildFile; fileRef = BF598773218758860041EF03 /* AppDelegate.swift */; };
		BF598779218758860041EF03 /* Main.storyboard in Resources */ = {isa = PBXBuildFile; fileRef = BF598777218758860041EF03 /* Main.storyboard */; };
		BF59877B218758870041EF03 /* Assets.xcassets in Resources */ = {isa = PBXBuildFile; fileRef = BF59877A218758870041EF03 /* Assets.xcassets */; };
		BF59877E218758870041EF03 /* LaunchScreen.storyboard in Resources */ = {isa = PBXBuildFile; fileRef = BF59877C218758870041EF03 /* LaunchScreen.storyboard */; };
		BF9F434721875CEA00D4375D /* LibraryViewController.swift in Sources */ = {isa = PBXBuildFile; fileRef = BF9F434621875CEA00D4375D /* LibraryViewController.swift */; };
		BF9F4349218777C100D4375D /* Game.swift in Sources */ = {isa = PBXBuildFile; fileRef = BF9F4348218777C100D4375D /* Game.swift */; };
		BF9F434B21877D1100D4375D /* Library.swift in Sources */ = {isa = PBXBuildFile; fileRef = BF9F434A21877D1100D4375D /* Library.swift */; };
		BF9F434D2188CEDD00D4375D /* AddGameViewController.swift in Sources */ = {isa = PBXBuildFile; fileRef = BF9F434C2188CEDD00D4375D /* AddGameViewController.swift */; };
		BFF3ECE2218B536E0069BE7C /* LibraryCell.swift in Sources */ = {isa = PBXBuildFile; fileRef = BFF3ECE1218B536E0069BE7C /* LibraryCell.swift */; };
/* End PBXBuildFile section */

/* Begin PBXFileReference section */
		33722E3EB7027E146B7A5BD4 /* Pods_VideoGameLibrary.framework */ = {isa = PBXFileReference; explicitFileType = wrapper.framework; includeInIndex = 0; path = Pods_VideoGameLibrary.framework; sourceTree = BUILT_PRODUCTS_DIR; };
		873B7B9363B8298D2C95EECB /* Pods-VideoGameLibrary.release.xcconfig */ = {isa = PBXFileReference; includeInIndex = 1; lastKnownFileType = text.xcconfig; name = "Pods-VideoGameLibrary.release.xcconfig"; path = "Pods/Target Support Files/Pods-VideoGameLibrary/Pods-VideoGameLibrary.release.xcconfig"; sourceTree = "<group>"; };
		BF598770218758860041EF03 /* VideoGameLibrary.app */ = {isa = PBXFileReference; explicitFileType = wrapper.application; includeInIndex = 0; path = VideoGameLibrary.app; sourceTree = BUILT_PRODUCTS_DIR; };
		BF598773218758860041EF03 /* AppDelegate.swift */ = {isa = PBXFileReference; lastKnownFileType = sourcecode.swift; path = AppDelegate.swift; sourceTree = "<group>"; };
		BF598778218758860041EF03 /* Base */ = {isa = PBXFileReference; lastKnownFileType = file.storyboard; name = Base; path = Base.lproj/Main.storyboard; sourceTree = "<group>"; };
		BF59877A218758870041EF03 /* Assets.xcassets */ = {isa = PBXFileReference; lastKnownFileType = folder.assetcatalog; path = Assets.xcassets; sourceTree = "<group>"; };
		BF59877D218758870041EF03 /* Base */ = {isa = PBXFileReference; lastKnownFileType = file.storyboard; name = Base; path = Base.lproj/LaunchScreen.storyboard; sourceTree = "<group>"; };
		BF59877F218758870041EF03 /* Info.plist */ = {isa = PBXFileReference; lastKnownFileType = text.plist.xml; path = Info.plist; sourceTree = "<group>"; };
		BF9F434621875CEA00D4375D /* LibraryViewController.swift */ = {isa = PBXFileReference; lastKnownFileType = sourcecode.swift; path = LibraryViewController.swift; sourceTree = "<group>"; };
		BF9F4348218777C100D4375D /* Game.swift */ = {isa = PBXFileReference; lastKnownFileType = sourcecode.swift; path = Game.swift; sourceTree = "<group>"; };
		BF9F434A21877D1100D4375D /* Library.swift */ = {isa = PBXFileReference; lastKnownFileType = sourcecode.swift; path = Library.swift; sourceTree = "<group>"; };
		BF9F434C2188CEDD00D4375D /* AddGameViewController.swift */ = {isa = PBXFileReference; lastKnownFileType = sourcecode.swift; path = AddGameViewController.swift; sourceTree = "<group>"; };
		BFF3ECE1218B536E0069BE7C /* LibraryCell.swift */ = {isa = PBXFileReference; lastKnownFileType = sourcecode.swift; path = LibraryCell.swift; sourceTree = "<group>"; };
		DA582DE48A11EC2403772E65 /* Pods-VideoGameLibrary.debug.xcconfig */ = {isa = PBXFileReference; includeInIndex = 1; lastKnownFileType = text.xcconfig; name = "Pods-VideoGameLibrary.debug.xcconfig"; path = "Pods/Target Support Files/Pods-VideoGameLibrary/Pods-VideoGameLibrary.debug.xcconfig"; sourceTree = "<group>"; };
/* End PBXFileReference section */

/* Begin PBXFrameworksBuildPhase section */
		BF59876D218758860041EF03 /* Frameworks */ = {
			isa = PBXFrameworksBuildPhase;
			buildActionMask = 2147483647;
			files = (
				347097DA6B9E7D3842A59A24 /* Pods_VideoGameLibrary.framework in Frameworks */,
			);
			runOnlyForDeploymentPostprocessing = 0;
		};
/* End PBXFrameworksBuildPhase section */

/* Begin PBXGroup section */
		8418184E4E9EAA837E22E921 /* Frameworks */ = {
			isa = PBXGroup;
			children = (
				33722E3EB7027E146B7A5BD4 /* Pods_VideoGameLibrary.framework */,
			);
			name = Frameworks;
			sourceTree = "<group>";
		};
		BF598767218758860041EF03 = {
			isa = PBXGroup;
			children = (
				BF598772218758860041EF03 /* VideoGameLibrary */,
				BF598771218758860041EF03 /* Products */,
				DA9018138375BD2D72F2883E /* Pods */,
				8418184E4E9EAA837E22E921 /* Frameworks */,
			);
			sourceTree = "<group>";
		};
		BF598771218758860041EF03 /* Products */ = {
			isa = PBXGroup;
			children = (
				BF598770218758860041EF03 /* VideoGameLibrary.app */,
			);
			name = Products;
			sourceTree = "<group>";
		};
		BF598772218758860041EF03 /* VideoGameLibrary */ = {
			isa = PBXGroup;
			children = (
				BF598773218758860041EF03 /* AppDelegate.swift */,
				BFF3ECE1218B536E0069BE7C /* LibraryCell.swift */,
				BF9F434A21877D1100D4375D /* Library.swift */,
				BF9F4348218777C100D4375D /* Game.swift */,
				BF9F434621875CEA00D4375D /* LibraryViewController.swift */,
				BF9F434C2188CEDD00D4375D /* AddGameViewController.swift */,
				BF598777218758860041EF03 /* Main.storyboard */,
				BF59877A218758870041EF03 /* Assets.xcassets */,
				BF59877C218758870041EF03 /* LaunchScreen.storyboard */,
				BF59877F218758870041EF03 /* Info.plist */,
			);
			path = VideoGameLibrary;
			sourceTree = "<group>";
		};
		DA9018138375BD2D72F2883E /* Pods */ = {
			isa = PBXGroup;
			children = (
				DA582DE48A11EC2403772E65 /* Pods-VideoGameLibrary.debug.xcconfig */,
				873B7B9363B8298D2C95EECB /* Pods-VideoGameLibrary.release.xcconfig */,
			);
			name = Pods;
			sourceTree = "<group>";
		};
/* End PBXGroup section */

/* Begin PBXNativeTarget section */
		BF59876F218758860041EF03 /* VideoGameLibrary */ = {
			isa = PBXNativeTarget;
			buildConfigurationList = BF598782218758870041EF03 /* Build configuration list for PBXNativeTarget "VideoGameLibrary" */;
			buildPhases = (
				D222A7A96F8D634DCDE250AF /* [CP] Check Pods Manifest.lock */,
				BF59876C218758860041EF03 /* Sources */,
				BF59876D218758860041EF03 /* Frameworks */,
				BF59876E218758860041EF03 /* Resources */,
				586AC567801BBD0EC8176629 /* [CP] Embed Pods Frameworks */,
			);
			buildRules = (
			);
			dependencies = (
			);
			name = VideoGameLibrary;
			productName = VideoGameLibrary;
			productReference = BF598770218758860041EF03 /* VideoGameLibrary.app */;
			productType = "com.apple.product-type.application";
		};
/* End PBXNativeTarget section */

/* Begin PBXProject section */
		BF598768218758860041EF03 /* Project object */ = {
			isa = PBXProject;
			attributes = {
				LastSwiftUpdateCheck = 1000;
				LastUpgradeCheck = 1000;
				ORGANIZATIONNAME = "Caleb Ogles";
				TargetAttributes = {
					BF59876F218758860041EF03 = {
						CreatedOnToolsVersion = 10.0;
					};
				};
			};
			buildConfigurationList = BF59876B218758860041EF03 /* Build configuration list for PBXProject "VideoGameLibrary" */;
			compatibilityVersion = "Xcode 9.3";
			developmentRegion = en;
			hasScannedForEncodings = 0;
			knownRegions = (
				en,
				Base,
			);
			mainGroup = BF598767218758860041EF03;
			productRefGroup = BF598771218758860041EF03 /* Products */;
			projectDirPath = "";
			projectRoot = "";
			targets = (
				BF59876F218758860041EF03 /* VideoGameLibrary */,
			);
		};
/* End PBXProject section */

/* Begin PBXResourcesBuildPhase section */
		BF59876E218758860041EF03 /* Resources */ = {
			isa = PBXResourcesBuildPhase;
			buildActionMask = 2147483647;
			files = (
				BF59877E218758870041EF03 /* LaunchScreen.storyboard in Resources */,
				BF59877B218758870041EF03 /* Assets.xcassets in Resources */,
				BF598779218758860041EF03 /* Main.storyboard in Resources */,
			);
			runOnlyForDeploymentPostprocessing = 0;
		};
/* End PBXResourcesBuildPhase section */

/* Begin PBXShellScriptBuildPhase section */
		586AC567801BBD0EC8176629 /* [CP] Embed Pods Frameworks */ = {
			isa = PBXShellScriptBuildPhase;
			buildActionMask = 2147483647;
			files = (
			);
			inputPaths = (
				"${SRCROOT}/Pods/Target Support Files/Pods-VideoGameLibrary/Pods-VideoGameLibrary-frameworks.sh",
				"${BUILT_PRODUCTS_DIR}/DZNEmptyDataSet/DZNEmptyDataSet.framework",
				"${BUILT_PRODUCTS_DIR}/Realm/Realm.framework",
				"${BUILT_PRODUCTS_DIR}/RealmSwift/RealmSwift.framework",
			);
			name = "[CP] Embed Pods Frameworks";
			outputPaths = (
				"${TARGET_BUILD_DIR}/${FRAMEWORKS_FOLDER_PATH}/DZNEmptyDataSet.framework",
				"${TARGET_BUILD_DIR}/${FRAMEWORKS_FOLDER_PATH}/Realm.framework",
				"${TARGET_BUILD_DIR}/${FRAMEWORKS_FOLDER_PATH}/RealmSwift.framework",
			);
			runOnlyForDeploymentPostprocessing = 0;
			shellPath = /bin/sh;
			shellScript = "\"${SRCROOT}/Pods/Target Support Files/Pods-VideoGameLibrary/Pods-VideoGameLibrary-frameworks.sh\"\n";
			showEnvVarsInLog = 0;
		};
		D222A7A96F8D634DCDE250AF /* [CP] Check Pods Manifest.lock */ = {
			isa = PBXShellScriptBuildPhase;
			buildActionMask = 2147483647;
			files = (
			);
			inputPaths = (
				"${PODS_PODFILE_DIR_PATH}/Podfile.lock",
				"${PODS_ROOT}/Manifest.lock",
			);
			name = "[CP] Check Pods Manifest.lock";
			outputPaths = (
				"$(DERIVED_FILE_DIR)/Pods-VideoGameLibrary-checkManifestLockResult.txt",
			);
			runOnlyForDeploymentPostprocessing = 0;
			shellPath = /bin/sh;
			shellScript = "diff \"${PODS_PODFILE_DIR_PATH}/Podfile.lock\" \"${PODS_ROOT}/Manifest.lock\" > /dev/null\nif [ $? != 0 ] ; then\n    # print error to STDERR\n    echo \"error: The sandbox is not in sync with the Podfile.lock. Run 'pod install' or update your CocoaPods installation.\" >&2\n    exit 1\nfi\n# This output is used by Xcode 'outputs' to avoid re-running this script phase.\necho \"SUCCESS\" > \"${SCRIPT_OUTPUT_FILE_0}\"\n";
			showEnvVarsInLog = 0;
		};
/* End PBXShellScriptBuildPhase section */

/* Begin PBXSourcesBuildPhase section */
		BF59876C218758860041EF03 /* Sources */ = {
			isa = PBXSourcesBuildPhase;
			buildActionMask = 2147483647;
			files = (
				BF9F434D2188CEDD00D4375D /* AddGameViewController.swift in Sources */,
				BF9F434721875CEA00D4375D /* LibraryViewController.swift in Sources */,
				BF9F434B21877D1100D4375D /* Library.swift in Sources */,
				BFF3ECE2218B536E0069BE7C /* LibraryCell.swift in Sources */,
				BF9F4349218777C100D4375D /* Game.swift in Sources */,
				BF598774218758860041EF03 /* AppDelegate.swift in Sources */,
			);
			runOnlyForDeploymentPostprocessing = 0;
		};
/* End PBXSourcesBuildPhase section */

/* Begin PBXVariantGroup section */
		BF598777218758860041EF03 /* Main.storyboard */ = {
			isa = PBXVariantGroup;
			children = (
				BF598778218758860041EF03 /* Base */,
			);
			name = Main.storyboard;
			sourceTree = "<group>";
		};
		BF59877C218758870041EF03 /* LaunchScreen.storyboard */ = {
			isa = PBXVariantGroup;
			children = (
				BF59877D218758870041EF03 /* Base */,
			);
			name = LaunchScreen.storyboard;
			sourceTree = "<group>";
		};
/* End PBXVariantGroup section */

/* Begin XCBuildConfiguration section */
		BF598780218758870041EF03 /* Debug */ = {
			isa = XCBuildConfiguration;
			buildSettings = {
				ALWAYS_SEARCH_USER_PATHS = NO;
				CLANG_ANALYZER_NONNULL = YES;
				CLANG_ANALYZER_NUMBER_OBJECT_CONVERSION = YES_AGGRESSIVE;
				CLANG_CXX_LANGUAGE_STANDARD = "gnu++14";
				CLANG_CXX_LIBRARY = "libc++";
				CLANG_ENABLE_MODULES = YES;
				CLANG_ENABLE_OBJC_ARC = YES;
				CLANG_ENABLE_OBJC_WEAK = YES;
				CLANG_WARN_BLOCK_CAPTURE_AUTORELEASING = YES;
				CLANG_WARN_BOOL_CONVERSION = YES;
				CLANG_WARN_COMMA = YES;
				CLANG_WARN_CONSTANT_CONVERSION = YES;
				CLANG_WARN_DEPRECATED_OBJC_IMPLEMENTATIONS = YES;
				CLANG_WARN_DIRECT_OBJC_ISA_USAGE = YES_ERROR;
				CLANG_WARN_DOCUMENTATION_COMMENTS = YES;
				CLANG_WARN_EMPTY_BODY = YES;
				CLANG_WARN_ENUM_CONVERSION = YES;
				CLANG_WARN_INFINITE_RECURSION = YES;
				CLANG_WARN_INT_CONVERSION = YES;
				CLANG_WARN_NON_LITERAL_NULL_CONVERSION = YES;
				CLANG_WARN_OBJC_IMPLICIT_RETAIN_SELF = YES;
				CLANG_WARN_OBJC_LITERAL_CONVERSION = YES;
				CLANG_WARN_OBJC_ROOT_CLASS = YES_ERROR;
				CLANG_WARN_RANGE_LOOP_ANALYSIS = YES;
				CLANG_WARN_STRICT_PROTOTYPES = YES;
				CLANG_WARN_SUSPICIOUS_MOVE = YES;
				CLANG_WARN_UNGUARDED_AVAILABILITY = YES_AGGRESSIVE;
				CLANG_WARN_UNREACHABLE_CODE = YES;
				CLANG_WARN__DUPLICATE_METHOD_MATCH = YES;
				CODE_SIGN_IDENTITY = "iPhone Developer";
				COPY_PHASE_STRIP = NO;
				DEBUG_INFORMATION_FORMAT = dwarf;
				ENABLE_STRICT_OBJC_MSGSEND = YES;
				ENABLE_TESTABILITY = YES;
				GCC_C_LANGUAGE_STANDARD = gnu11;
				GCC_DYNAMIC_NO_PIC = NO;
				GCC_NO_COMMON_BLOCKS = YES;
				GCC_OPTIMIZATION_LEVEL = 0;
				GCC_PREPROCESSOR_DEFINITIONS = (
					"DEBUG=1",
					"$(inherited)",
				);
				GCC_WARN_64_TO_32_BIT_CONVERSION = YES;
				GCC_WARN_ABOUT_RETURN_TYPE = YES_ERROR;
				GCC_WARN_UNDECLARED_SELECTOR = YES;
				GCC_WARN_UNINITIALIZED_AUTOS = YES_AGGRESSIVE;
				GCC_WARN_UNUSED_FUNCTION = YES;
				GCC_WARN_UNUSED_VARIABLE = YES;
				IPHONEOS_DEPLOYMENT_TARGET = 12.0;
				MTL_ENABLE_DEBUG_INFO = INCLUDE_SOURCE;
				MTL_FAST_MATH = YES;
				ONLY_ACTIVE_ARCH = YES;
				SDKROOT = iphoneos;
				SWIFT_ACTIVE_COMPILATION_CONDITIONS = DEBUG;
				SWIFT_OPTIMIZATION_LEVEL = "-Onone";
			};
			name = Debug;
		};
		BF598781218758870041EF03 /* Release */ = {
			isa = XCBuildConfiguration;
			buildSettings = {
				ALWAYS_SEARCH_USER_PATHS = NO;
				CLANG_ANALYZER_NONNULL = YES;
				CLANG_ANALYZER_NUMBER_OBJECT_CONVERSION = YES_AGGRESSIVE;
				CLANG_CXX_LANGUAGE_STANDARD = "gnu++14";
				CLANG_CXX_LIBRARY = "libc++";
				CLANG_ENABLE_MODULES = YES;
				CLANG_ENABLE_OBJC_ARC = YES;
				CLANG_ENABLE_OBJC_WEAK = YES;
				CLANG_WARN_BLOCK_CAPTURE_AUTORELEASING = YES;
				CLANG_WARN_BOOL_CONVERSION = YES;
				CLANG_WARN_COMMA = YES;
				CLANG_WARN_CONSTANT_CONVERSION = YES;
				CLANG_WARN_DEPRECATED_OBJC_IMPLEMENTATIONS = YES;
				CLANG_WARN_DIRECT_OBJC_ISA_USAGE = YES_ERROR;
				CLANG_WARN_DOCUMENTATION_COMMENTS = YES;
				CLANG_WARN_EMPTY_BODY = YES;
				CLANG_WARN_ENUM_CONVERSION = YES;
				CLANG_WARN_INFINITE_RECURSION = YES;
				CLANG_WARN_INT_CONVERSION = YES;
				CLANG_WARN_NON_LITERAL_NULL_CONVERSION = YES;
				CLANG_WARN_OBJC_IMPLICIT_RETAIN_SELF = YES;
				CLANG_WARN_OBJC_LITERAL_CONVERSION = YES;
				CLANG_WARN_OBJC_ROOT_CLASS = YES_ERROR;
				CLANG_WARN_RANGE_LOOP_ANALYSIS = YES;
				CLANG_WARN_STRICT_PROTOTYPES = YES;
				CLANG_WARN_SUSPICIOUS_MOVE = YES;
				CLANG_WARN_UNGUARDED_AVAILABILITY = YES_AGGRESSIVE;
				CLANG_WARN_UNREACHABLE_CODE = YES;
				CLANG_WARN__DUPLICATE_METHOD_MATCH = YES;
				CODE_SIGN_IDENTITY = "iPhone Developer";
				COPY_PHASE_STRIP = NO;
				DEBUG_INFORMATION_FORMAT = "dwarf-with-dsym";
				ENABLE_NS_ASSERTIONS = NO;
				ENABLE_STRICT_OBJC_MSGSEND = YES;
				GCC_C_LANGUAGE_STANDARD = gnu11;
				GCC_NO_COMMON_BLOCKS = YES;
				GCC_WARN_64_TO_32_BIT_CONVERSION = YES;
				GCC_WARN_ABOUT_RETURN_TYPE = YES_ERROR;
				GCC_WARN_UNDECLARED_SELECTOR = YES;
				GCC_WARN_UNINITIALIZED_AUTOS = YES_AGGRESSIVE;
				GCC_WARN_UNUSED_FUNCTION = YES;
				GCC_WARN_UNUSED_VARIABLE = YES;
				IPHONEOS_DEPLOYMENT_TARGET = 12.0;
				MTL_ENABLE_DEBUG_INFO = NO;
				MTL_FAST_MATH = YES;
				SDKROOT = iphoneos;
				SWIFT_COMPILATION_MODE = wholemodule;
				SWIFT_OPTIMIZATION_LEVEL = "-O";
				VALIDATE_PRODUCT = YES;
			};
			name = Release;
		};
		BF598783218758870041EF03 /* Debug */ = {
			isa = XCBuildConfiguration;
			baseConfigurationReference = DA582DE48A11EC2403772E65 /* Pods-VideoGameLibrary.debug.xcconfig */;
			buildSettings = {
				ASSETCATALOG_COMPILER_APPICON_NAME = AppIcon;
				CODE_SIGN_STYLE = Automatic;
				INFOPLIST_FILE = VideoGameLibrary/Info.plist;
				LD_RUNPATH_SEARCH_PATHS = (
					"$(inherited)",
					"@executable_path/Frameworks",
				);
				PRODUCT_BUNDLE_IDENTIFIER = com.calebOgles.VideoGameLibrary;
				PRODUCT_NAME = "$(TARGET_NAME)";
				SWIFT_VERSION = 4.2;
				TARGETED_DEVICE_FAMILY = "1,2";
			};
			name = Debug;
		};
		BF598784218758870041EF03 /* Release */ = {
			isa = XCBuildConfiguration;
			baseConfigurationReference = 873B7B9363B8298D2C95EECB /* Pods-VideoGameLibrary.release.xcconfig */;
			buildSettings = {
				ASSETCATALOG_COMPILER_APPICON_NAME = AppIcon;
				CODE_SIGN_STYLE = Automatic;
				INFOPLIST_FILE = VideoGameLibrary/Info.plist;
				LD_RUNPATH_SEARCH_PATHS = (
					"$(inherited)",
					"@executable_path/Frameworks",
				);
				PRODUCT_BUNDLE_IDENTIFIER = com.calebOgles.VideoGameLibrary;
				PRODUCT_NAME = "$(TARGET_NAME)";
				SWIFT_VERSION = 4.2;
				TARGETED_DEVICE_FAMILY = "1,2";
			};
			name = Release;
		};
/* End XCBuildConfiguration section */

/* Begin XCConfigurationList section */
		BF59876B218758860041EF03 /* Build configuration list for PBXProject "VideoGameLibrary" */ = {
			isa = XCConfigurationList;
			buildConfigurations = (
				BF598780218758870041EF03 /* Debug */,
				BF598781218758870041EF03 /* Release */,
			);
			defaultConfigurationIsVisible = 0;
			defaultConfigurationName = Release;
		};
		BF598782218758870041EF03 /* Build configuration list for PBXNativeTarget "VideoGameLibrary" */ = {
			isa = XCConfigurationList;
			buildConfigurations = (
				BF598783218758870041EF03 /* Debug */,
				BF598784218758870041EF03 /* Release */,
			);
			defaultConfigurationIsVisible = 0;
			defaultConfigurationName = Release;
		};
/* End XCConfigurationList section */
	};
	rootObject = BF598768218758860041EF03 /* Project object */;
}
